
Microsoft Visual Studio Solution File, Format Version 12.00
# Visual Studio Version 17
VisualStudioVersion = 17.11.34929.205
MinimumVisualStudioVersion = 10.0.40219.1
Project("{FAE04EC0-301F-11D3-BF4B-00C04F79EFBC}") = "SQLDataForm", "SQLDataForm\SQLDataForm.csproj", "{307DD48B-EB6A-4B74-8BC1-C8541B38C87B}"
EndProject
Global
	GlobalSection(SolutionConfigurationPlatforms) = preSolution
		Debug|Any CPU = Debug|Any CPU
		Release|Any CPU = Release|Any CPU
	EndGlobalSection
	GlobalSection(ProjectConfigurationPlatforms) = postSolution
		{307DD48B-EB6A-4B74-8BC1-C8541B38C87B}.Debug|Any CPU.ActiveCfg = Debug|Any CPU
		{307DD48B-EB6A-4B74-8BC1-C8541B38C87B}.Debug|Any CPU.Build.0 = Debug|Any CPU
		{307DD48B-EB6A-4B74-8BC1-C8541B38C87B}.Release|Any CPU.ActiveCfg = Release|Any CPU
		{307DD48B-EB6A-4B74-8BC1-C8541B38C87B}.Release|Any CPU.Build.0 = Release|Any CPU
	EndGlobalSection
	GlobalSection(SolutionProperties) = preSolution
		HideSolutionNode = FALSE
	EndGlobalSection
	GlobalSection(ExtensibilityGlobals) = postSolution
		SolutionGuid = {B17693CC-A99F-4D9B-99C2-9A31A8D23DE4}
	EndGlobalSection
EndGlobal
